// !$*UTF8*$!
{
	archiveVersion = 1;
	classes = {
	};
	objectVersion = 46;
	objects = {

/* Begin PBXBuildFile section */
		18120ECF185903CE001D802F /* ScheduleEventUnit+Centris_Spec.m in Sources */ = {isa = PBXBuildFile; fileRef = 18120ECE185903CE001D802F /* ScheduleEventUnit+Centris_Spec.m */; };
		18372E73181C2DA8005CEC18 /* Assignment+Centris.m in Sources */ = {isa = PBXBuildFile; fileRef = 18372E72181C2DA8005CEC18 /* Assignment+Centris.m */; };
		18777D6B1843B58B00DAB715 /* XCTest.framework in Frameworks */ = {isa = PBXBuildFile; fileRef = 194842E01799B0AB0016A5C0 /* XCTest.framework */; };
		18777D6C1843B58B00DAB715 /* Foundation.framework in Frameworks */ = {isa = PBXBuildFile; fileRef = 194842C11799B0AB0016A5C0 /* Foundation.framework */; };
		18777D6D1843B58B00DAB715 /* UIKit.framework in Frameworks */ = {isa = PBXBuildFile; fileRef = 194842C51799B0AB0016A5C0 /* UIKit.framework */; };
		18777D731843B58B00DAB715 /* InfoPlist.strings in Resources */ = {isa = PBXBuildFile; fileRef = 18777D711843B58B00DAB715 /* InfoPlist.strings */; };
		18856AD318206DE7009862CA /* CourseInstance.m in Sources */ = {isa = PBXBuildFile; fileRef = 18856AD218206DE7009862CA /* CourseInstance.m */; };
		18856AD618206F33009862CA /* CDDataFetcher.m in Sources */ = {isa = PBXBuildFile; fileRef = 18856AD518206F33009862CA /* CDDataFetcher.m */; };
		188C7DAD183528F00030CB09 /* ProfileViewController.m in Sources */ = {isa = PBXBuildFile; fileRef = 188C7DAC183528F00030CB09 /* ProfileViewController.m */; };
		18A630D1183973D200CA29FE /* ScheduleEventUnit.m in Sources */ = {isa = PBXBuildFile; fileRef = 18A630D0183973D200CA29FE /* ScheduleEventUnit.m */; };
		18A630D41839769B00CA29FE /* ScheduleEvent.m in Sources */ = {isa = PBXBuildFile; fileRef = 18A630D31839769B00CA29FE /* ScheduleEvent.m */; };
		18A630E9183A8DBC00CA29FE /* AssignmentFile.m in Sources */ = {isa = PBXBuildFile; fileRef = 18A630E8183A8DBC00CA29FE /* AssignmentFile.m */; };
		18A630EF183A9E7100CA29FE /* AssignmentFile+Centris.m in Sources */ = {isa = PBXBuildFile; fileRef = 18A630EE183A9E7100CA29FE /* AssignmentFile+Centris.m */; };
		18CAC53018466D770006E5AA /* CourseInstance+Centris_Spec.m in Sources */ = {isa = PBXBuildFile; fileRef = 18CAC52F18466D770006E5AA /* CourseInstance+Centris_Spec.m */; };
		18CAC5321846712D0006E5AA /* ScheduleEvent+Centris_Spec.m in Sources */ = {isa = PBXBuildFile; fileRef = 18CAC5311846712D0006E5AA /* ScheduleEvent+Centris_Spec.m */; };
		18D8C58018226F4A00DE92B4 /* CourseInstance+Centris.m in Sources */ = {isa = PBXBuildFile; fileRef = 18D8C57F18226F4A00DE92B4 /* CourseInstance+Centris.m */; };
		18E0BFFF1845618A009E1329 /* Menu.m in Sources */ = {isa = PBXBuildFile; fileRef = 18E0BFFE1845618A009E1329 /* Menu.m */; };
		18E0C002184561BA009E1329 /* Menu+Centris.m in Sources */ = {isa = PBXBuildFile; fileRef = 18E0C001184561BA009E1329 /* Menu+Centris.m */; };
		18E6F627182C03CE0073AB9A /* User.m in Sources */ = {isa = PBXBuildFile; fileRef = 18E6F626182C03CE0073AB9A /* User.m */; };
		18FAA6EE184651F000CAE495 /* Assignment+Centris_Spec.m in Sources */ = {isa = PBXBuildFile; fileRef = 18FAA6EA184651F000CAE495 /* Assignment+Centris_Spec.m */; };
		18FAA6EF184651F000CAE495 /* AssignmentFile+Centris_Spec.m in Sources */ = {isa = PBXBuildFile; fileRef = 18FAA6EB184651F000CAE495 /* AssignmentFile+Centris_Spec.m */; };
		18FAA6F1184651F000CAE495 /* NSDate+Helper_Spec.m in Sources */ = {isa = PBXBuildFile; fileRef = 18FAA6ED184651F000CAE495 /* NSDate+Helper_Spec.m */; };
		18FAA6F31846524900CAE495 /* Menu+Centris_Spec.m in Sources */ = {isa = PBXBuildFile; fileRef = 18FAA6F21846524900CAE495 /* Menu+Centris_Spec.m */; };
		18FCA4EF183AD1CF00AD9CCE /* ScheduleEventUnit+Centris.m in Sources */ = {isa = PBXBuildFile; fileRef = 18FCA4EE183AD1CF00AD9CCE /* ScheduleEventUnit+Centris.m */; };
		190CA0EC1816C7FB00BC3046 /* AssignmentTableViewCell.m in Sources */ = {isa = PBXBuildFile; fileRef = 190CA0EB1816C7FB00BC3046 /* AssignmentTableViewCell.m */; };
		192F978D17D746C1007E2694 /* CoreData.xcdatamodeld in Sources */ = {isa = PBXBuildFile; fileRef = 192F978B17D746C1007E2694 /* CoreData.xcdatamodeld */; };
		192F979317D76B04007E2694 /* User+Centris.m in Sources */ = {isa = PBXBuildFile; fileRef = 192F979217D76B04007E2694 /* User+Centris.m */; };
		194842C21799B0AB0016A5C0 /* Foundation.framework in Frameworks */ = {isa = PBXBuildFile; fileRef = 194842C11799B0AB0016A5C0 /* Foundation.framework */; };
		194842C41799B0AB0016A5C0 /* CoreGraphics.framework in Frameworks */ = {isa = PBXBuildFile; fileRef = 194842C31799B0AB0016A5C0 /* CoreGraphics.framework */; };
		194842C61799B0AB0016A5C0 /* UIKit.framework in Frameworks */ = {isa = PBXBuildFile; fileRef = 194842C51799B0AB0016A5C0 /* UIKit.framework */; };
		194842CC1799B0AB0016A5C0 /* InfoPlist.strings in Resources */ = {isa = PBXBuildFile; fileRef = 194842CA1799B0AB0016A5C0 /* InfoPlist.strings */; };
		194842CE1799B0AB0016A5C0 /* main.m in Sources */ = {isa = PBXBuildFile; fileRef = 194842CD1799B0AB0016A5C0 /* main.m */; };
		194842D21799B0AB0016A5C0 /* AppDelegate.m in Sources */ = {isa = PBXBuildFile; fileRef = 194842D11799B0AB0016A5C0 /* AppDelegate.m */; };
		194842DA1799B0AB0016A5C0 /* Images.xcassets in Resources */ = {isa = PBXBuildFile; fileRef = 194842D91799B0AB0016A5C0 /* Images.xcassets */; };
		194F9AB7180806790099A3E6 /* NSDate+Helper.m in Sources */ = {isa = PBXBuildFile; fileRef = 194F9AB6180806790099A3E6 /* NSDate+Helper.m */; };
		1959490318350129009686F5 /* AssignmentDetailViewController.m in Sources */ = {isa = PBXBuildFile; fileRef = 1959490218350129009686F5 /* AssignmentDetailViewController.m */; };
		197631B41857949000D71356 /* SemesterViewController.m in Sources */ = {isa = PBXBuildFile; fileRef = 197631B31857949000D71356 /* SemesterViewController.m */; };
		19879C7517AF13C400FBC672 /* ScheduleTableViewCell.m in Sources */ = {isa = PBXBuildFile; fileRef = 19879C7417AF13C400FBC672 /* ScheduleTableViewCell.m */; };
		1989B655183A84B80005E44F /* AssignmentDetailViewFileCell.m in Sources */ = {isa = PBXBuildFile; fileRef = 1989B654183A84B80005E44F /* AssignmentDetailViewFileCell.m */; };
		1989B658183AC0A50005E44F /* AssignmentFileViewController.m in Sources */ = {isa = PBXBuildFile; fileRef = 1989B657183AC0A50005E44F /* AssignmentFileViewController.m */; };
		1989B65B183CC4510005E44F /* Assignment.m in Sources */ = {isa = PBXBuildFile; fileRef = 1989B65A183CC4510005E44F /* Assignment.m */; };
		198CCDC2181EAD8A00B2EE65 /* Main.storyboard in Resources */ = {isa = PBXBuildFile; fileRef = 194842D31799B0AB0016A5C0 /* Main.storyboard */; };
		199F72C71802E16F009A724A /* ScheduleViewController.m in Sources */ = {isa = PBXBuildFile; fileRef = 199F72C61802E16F009A724A /* ScheduleViewController.m */; };
		199F72CB1802F9AB009A724A /* DatePickerView.m in Sources */ = {isa = PBXBuildFile; fileRef = 199F72CA1802F9AB009A724A /* DatePickerView.m */; };
		199F72CE1802FC40009A724A /* DatePickerDayView.m in Sources */ = {isa = PBXBuildFile; fileRef = 199F72CD1802FC40009A724A /* DatePickerDayView.m */; };
		19BAC8461844CA0100003D05 /* AssignmentCardTableViewCell.m in Sources */ = {isa = PBXBuildFile; fileRef = 19BAC8451844CA0100003D05 /* AssignmentCardTableViewCell.m */; };
		19BAC849184553D400003D05 /* LunchCardTableViewCell.m in Sources */ = {isa = PBXBuildFile; fileRef = 19BAC848184553D400003D05 /* LunchCardTableViewCell.m */; };
		19BAC84C1845712E00003D05 /* EventCardTableViewCell.m in Sources */ = {isa = PBXBuildFile; fileRef = 19BAC84B1845712E00003D05 /* EventCardTableViewCell.m */; };
		19BD8F46183D726100F34A40 /* libz.dylib in Frameworks */ = {isa = PBXBuildFile; fileRef = 19BD8F45183D726100F34A40 /* libz.dylib */; };
		19CD49CF1842327A008094D8 /* libTestFlight.a in Frameworks */ = {isa = PBXBuildFile; fileRef = 19BD8F3C183D71E300F34A40 /* libTestFlight.a */; };
		19CD49D3184240D2008094D8 /* ScheduleCardTableViewCell.m in Sources */ = {isa = PBXBuildFile; fileRef = 19CD49D2184240D2008094D8 /* ScheduleCardTableViewCell.m */; };
		19F62CDB17AC057100EEF08C /* AssignmentsTableViewController.m in Sources */ = {isa = PBXBuildFile; fileRef = 19F62CDA17AC057100EEF08C /* AssignmentsTableViewController.m */; };
		19F62CDE17AC3EB700EEF08C /* CentrisDataFetcher.m in Sources */ = {isa = PBXBuildFile; fileRef = 19F62CDD17AC3EB700EEF08C /* CentrisDataFetcher.m */; };
		19F78A5818269F880085C322 /* CentrisParserDataFetcher.m in Sources */ = {isa = PBXBuildFile; fileRef = 19F78A5718269F880085C322 /* CentrisParserDataFetcher.m */; };
		578A4E52D2AD46909AA8B31E /* libPods.a in Frameworks */ = {isa = PBXBuildFile; fileRef = 6E547C56EC8D419DAE2F8654 /* libPods.a */; };
		7C2B85CE2EC94AC99731B899 /* libPods-CentrisTests.a in Frameworks */ = {isa = PBXBuildFile; fileRef = E28709DF03DC4535BB84702E /* libPods-CentrisTests.a */; };
		960827FA17CB8E5D004741FD /* HomeFeedViewController.m in Sources */ = {isa = PBXBuildFile; fileRef = 960827F917CB8E5D004741FD /* HomeFeedViewController.m */; };
		9621008917D7795400D60C06 /* CoreData.framework in Frameworks */ = {isa = PBXBuildFile; fileRef = 9621008817D7795400D60C06 /* CoreData.framework */; };
		9647A94817E9E51700BB2A96 /* ScheduleEvent+Centris.m in Sources */ = {isa = PBXBuildFile; fileRef = 9647A94717E9E51700BB2A96 /* ScheduleEvent+Centris.m */; };
		966A498F17E9ADB4009C342B /* CentrisTheme.m in Sources */ = {isa = PBXBuildFile; fileRef = 966A498E17E9ADB4009C342B /* CentrisTheme.m */; };
		966B2D0E17FC28D000F3D170 /* CDFServiceStub.m in Sources */ = {isa = PBXBuildFile; fileRef = 966B2D0D17FC28D000F3D170 /* CDFServiceStub.m */; };
		966B2D1017FC39F000F3D170 /* Configuration.plist in Resources */ = {isa = PBXBuildFile; fileRef = 966B2D0F17FC39F000F3D170 /* Configuration.plist */; };
		966B2D1317FC498C00F3D170 /* AppFactory.m in Sources */ = {isa = PBXBuildFile; fileRef = 966B2D1217FC498C00F3D170 /* AppFactory.m */; };
		969C94DD180807E100356C7C /* LoginViewController.m in Sources */ = {isa = PBXBuildFile; fileRef = 969C94DC180807E100356C7C /* LoginViewController.m */; };
		969C94DF18082A3700356C7C /* Security.framework in Frameworks */ = {isa = PBXBuildFile; fileRef = 969C94DE18082A3700356C7C /* Security.framework */; };
		969C94E618082DDD00356C7C /* KeychainItemWrapper.m in Sources */ = {isa = PBXBuildFile; fileRef = 969C94E518082DDD00356C7C /* KeychainItemWrapper.m */; };
/* End PBXBuildFile section */

/* Begin PBXContainerItemProxy section */
		18777D771843B58B00DAB715 /* PBXContainerItemProxy */ = {
			isa = PBXContainerItemProxy;
			containerPortal = 194842B61799B0AB0016A5C0 /* Project object */;
			proxyType = 1;
			remoteGlobalIDString = 194842BD1799B0AB0016A5C0;
			remoteInfo = Centris;
		};
/* End PBXContainerItemProxy section */

/* Begin PBXFileReference section */
		18120ECE185903CE001D802F /* ScheduleEventUnit+Centris_Spec.m */ = {isa = PBXFileReference; fileEncoding = 4; lastKnownFileType = sourcecode.c.objc; path = "ScheduleEventUnit+Centris_Spec.m"; sourceTree = "<group>"; };
		18372E71181C2DA8005CEC18 /* Assignment+Centris.h */ = {isa = PBXFileReference; fileEncoding = 4; lastKnownFileType = sourcecode.c.h; name = "Assignment+Centris.h"; path = "Models/Assignment+Centris.h"; sourceTree = "<group>"; };
		18372E72181C2DA8005CEC18 /* Assignment+Centris.m */ = {isa = PBXFileReference; fileEncoding = 4; lastKnownFileType = sourcecode.c.objc; name = "Assignment+Centris.m"; path = "Models/Assignment+Centris.m"; sourceTree = "<group>"; };
		18777D6A1843B58B00DAB715 /* CentrisTests.xctest */ = {isa = PBXFileReference; explicitFileType = wrapper.cfbundle; includeInIndex = 0; path = CentrisTests.xctest; sourceTree = BUILT_PRODUCTS_DIR; };
		18777D701843B58B00DAB715 /* CentrisTests-Info.plist */ = {isa = PBXFileReference; lastKnownFileType = text.plist.xml; path = "CentrisTests-Info.plist"; sourceTree = "<group>"; };
		18777D721843B58B00DAB715 /* en */ = {isa = PBXFileReference; lastKnownFileType = text.plist.strings; name = en; path = en.lproj/InfoPlist.strings; sourceTree = "<group>"; };
		18777D761843B58B00DAB715 /* CentrisTests-Prefix.pch */ = {isa = PBXFileReference; lastKnownFileType = sourcecode.c.h; path = "CentrisTests-Prefix.pch"; sourceTree = "<group>"; };
		18856AD118206DE7009862CA /* CourseInstance.h */ = {isa = PBXFileReference; fileEncoding = 4; lastKnownFileType = sourcecode.c.h; name = CourseInstance.h; path = Models/CourseInstance.h; sourceTree = "<group>"; };
		18856AD218206DE7009862CA /* CourseInstance.m */ = {isa = PBXFileReference; fileEncoding = 4; lastKnownFileType = sourcecode.c.objc; name = CourseInstance.m; path = Models/CourseInstance.m; sourceTree = "<group>"; };
		18856AD418206F33009862CA /* CDDataFetcher.h */ = {isa = PBXFileReference; fileEncoding = 4; lastKnownFileType = sourcecode.c.h; path = CDDataFetcher.h; sourceTree = "<group>"; };
		18856AD518206F33009862CA /* CDDataFetcher.m */ = {isa = PBXFileReference; fileEncoding = 4; lastKnownFileType = sourcecode.c.objc; path = CDDataFetcher.m; sourceTree = "<group>"; };
		188C7DAB183528F00030CB09 /* ProfileViewController.h */ = {isa = PBXFileReference; fileEncoding = 4; lastKnownFileType = sourcecode.c.h; path = ProfileViewController.h; sourceTree = "<group>"; };
		188C7DAC183528F00030CB09 /* ProfileViewController.m */ = {isa = PBXFileReference; fileEncoding = 4; lastKnownFileType = sourcecode.c.objc; path = ProfileViewController.m; sourceTree = "<group>"; };
		18A630CF183973D200CA29FE /* ScheduleEventUnit.h */ = {isa = PBXFileReference; fileEncoding = 4; lastKnownFileType = sourcecode.c.h; name = ScheduleEventUnit.h; path = Models/ScheduleEventUnit.h; sourceTree = "<group>"; };
		18A630D0183973D200CA29FE /* ScheduleEventUnit.m */ = {isa = PBXFileReference; fileEncoding = 4; lastKnownFileType = sourcecode.c.objc; name = ScheduleEventUnit.m; path = Models/ScheduleEventUnit.m; sourceTree = "<group>"; };
		18A630D21839769B00CA29FE /* ScheduleEvent.h */ = {isa = PBXFileReference; fileEncoding = 4; lastKnownFileType = sourcecode.c.h; name = ScheduleEvent.h; path = Models/ScheduleEvent.h; sourceTree = "<group>"; };
		18A630D31839769B00CA29FE /* ScheduleEvent.m */ = {isa = PBXFileReference; fileEncoding = 4; lastKnownFileType = sourcecode.c.objc; name = ScheduleEvent.m; path = Models/ScheduleEvent.m; sourceTree = "<group>"; };
		18A630E7183A8DBC00CA29FE /* AssignmentFile.h */ = {isa = PBXFileReference; fileEncoding = 4; lastKnownFileType = sourcecode.c.h; name = AssignmentFile.h; path = Models/AssignmentFile.h; sourceTree = "<group>"; };
		18A630E8183A8DBC00CA29FE /* AssignmentFile.m */ = {isa = PBXFileReference; fileEncoding = 4; lastKnownFileType = sourcecode.c.objc; name = AssignmentFile.m; path = Models/AssignmentFile.m; sourceTree = "<group>"; };
		18A630ED183A9E7100CA29FE /* AssignmentFile+Centris.h */ = {isa = PBXFileReference; fileEncoding = 4; lastKnownFileType = sourcecode.c.h; name = "AssignmentFile+Centris.h"; path = "Models/AssignmentFile+Centris.h"; sourceTree = "<group>"; };
		18A630EE183A9E7100CA29FE /* AssignmentFile+Centris.m */ = {isa = PBXFileReference; fileEncoding = 4; lastKnownFileType = sourcecode.c.objc; name = "AssignmentFile+Centris.m"; path = "Models/AssignmentFile+Centris.m"; sourceTree = "<group>"; };
		18CAC52F18466D770006E5AA /* CourseInstance+Centris_Spec.m */ = {isa = PBXFileReference; fileEncoding = 4; lastKnownFileType = sourcecode.c.objc; path = "CourseInstance+Centris_Spec.m"; sourceTree = "<group>"; };
		18CAC5311846712D0006E5AA /* ScheduleEvent+Centris_Spec.m */ = {isa = PBXFileReference; fileEncoding = 4; lastKnownFileType = sourcecode.c.objc; path = "ScheduleEvent+Centris_Spec.m"; sourceTree = "<group>"; };
		18D8C57E18226F4A00DE92B4 /* CourseInstance+Centris.h */ = {isa = PBXFileReference; fileEncoding = 4; lastKnownFileType = sourcecode.c.h; name = "CourseInstance+Centris.h"; path = "Models/CourseInstance+Centris.h"; sourceTree = "<group>"; };
		18D8C57F18226F4A00DE92B4 /* CourseInstance+Centris.m */ = {isa = PBXFileReference; fileEncoding = 4; lastKnownFileType = sourcecode.c.objc; name = "CourseInstance+Centris.m"; path = "Models/CourseInstance+Centris.m"; sourceTree = "<group>"; };
		18E0BFFD1845618A009E1329 /* Menu.h */ = {isa = PBXFileReference; fileEncoding = 4; lastKnownFileType = sourcecode.c.h; name = Menu.h; path = Models/Menu.h; sourceTree = "<group>"; };
		18E0BFFE1845618A009E1329 /* Menu.m */ = {isa = PBXFileReference; fileEncoding = 4; lastKnownFileType = sourcecode.c.objc; name = Menu.m; path = Models/Menu.m; sourceTree = "<group>"; };
		18E0C000184561BA009E1329 /* Menu+Centris.h */ = {isa = PBXFileReference; fileEncoding = 4; lastKnownFileType = sourcecode.c.h; name = "Menu+Centris.h"; path = "Models/Menu+Centris.h"; sourceTree = "<group>"; };
		18E0C001184561BA009E1329 /* Menu+Centris.m */ = {isa = PBXFileReference; fileEncoding = 4; lastKnownFileType = sourcecode.c.objc; name = "Menu+Centris.m"; path = "Models/Menu+Centris.m"; sourceTree = "<group>"; };
		18E6F625182C03CE0073AB9A /* User.h */ = {isa = PBXFileReference; fileEncoding = 4; lastKnownFileType = sourcecode.c.h; name = User.h; path = Models/User.h; sourceTree = "<group>"; };
		18E6F626182C03CE0073AB9A /* User.m */ = {isa = PBXFileReference; fileEncoding = 4; lastKnownFileType = sourcecode.c.objc; name = User.m; path = Models/User.m; sourceTree = "<group>"; };
		18FAA6EA184651F000CAE495 /* Assignment+Centris_Spec.m */ = {isa = PBXFileReference; fileEncoding = 4; lastKnownFileType = sourcecode.c.objc; path = "Assignment+Centris_Spec.m"; sourceTree = "<group>"; };
		18FAA6EB184651F000CAE495 /* AssignmentFile+Centris_Spec.m */ = {isa = PBXFileReference; fileEncoding = 4; lastKnownFileType = sourcecode.c.objc; path = "AssignmentFile+Centris_Spec.m"; sourceTree = "<group>"; };
		18FAA6ED184651F000CAE495 /* NSDate+Helper_Spec.m */ = {isa = PBXFileReference; fileEncoding = 4; lastKnownFileType = sourcecode.c.objc; path = "NSDate+Helper_Spec.m"; sourceTree = "<group>"; };
		18FAA6F21846524900CAE495 /* Menu+Centris_Spec.m */ = {isa = PBXFileReference; fileEncoding = 4; lastKnownFileType = sourcecode.c.objc; path = "Menu+Centris_Spec.m"; sourceTree = "<group>"; };
		18FCA4ED183AD1CF00AD9CCE /* ScheduleEventUnit+Centris.h */ = {isa = PBXFileReference; fileEncoding = 4; lastKnownFileType = sourcecode.c.h; name = "ScheduleEventUnit+Centris.h"; path = "Models/ScheduleEventUnit+Centris.h"; sourceTree = "<group>"; };
		18FCA4EE183AD1CF00AD9CCE /* ScheduleEventUnit+Centris.m */ = {isa = PBXFileReference; fileEncoding = 4; lastKnownFileType = sourcecode.c.objc; name = "ScheduleEventUnit+Centris.m"; path = "Models/ScheduleEventUnit+Centris.m"; sourceTree = "<group>"; };
		190CA0EA1816C7FB00BC3046 /* AssignmentTableViewCell.h */ = {isa = PBXFileReference; fileEncoding = 4; lastKnownFileType = sourcecode.c.h; path = AssignmentTableViewCell.h; sourceTree = "<group>"; };
		190CA0EB1816C7FB00BC3046 /* AssignmentTableViewCell.m */ = {isa = PBXFileReference; fileEncoding = 4; lastKnownFileType = sourcecode.c.objc; path = AssignmentTableViewCell.m; sourceTree = "<group>"; };
		192F978C17D746C1007E2694 /* CoreData.xcdatamodel */ = {isa = PBXFileReference; lastKnownFileType = wrapper.xcdatamodel; path = CoreData.xcdatamodel; sourceTree = "<group>"; };
		192F979117D76B04007E2694 /* User+Centris.h */ = {isa = PBXFileReference; fileEncoding = 4; lastKnownFileType = sourcecode.c.h; name = "User+Centris.h"; path = "Models/User+Centris.h"; sourceTree = "<group>"; };
		192F979217D76B04007E2694 /* User+Centris.m */ = {isa = PBXFileReference; fileEncoding = 4; lastKnownFileType = sourcecode.c.objc; name = "User+Centris.m"; path = "Models/User+Centris.m"; sourceTree = "<group>"; };
		194842BE1799B0AB0016A5C0 /* Centris.app */ = {isa = PBXFileReference; explicitFileType = wrapper.application; includeInIndex = 0; path = Centris.app; sourceTree = BUILT_PRODUCTS_DIR; };
		194842C11799B0AB0016A5C0 /* Foundation.framework */ = {isa = PBXFileReference; lastKnownFileType = wrapper.framework; name = Foundation.framework; path = System/Library/Frameworks/Foundation.framework; sourceTree = SDKROOT; };
		194842C31799B0AB0016A5C0 /* CoreGraphics.framework */ = {isa = PBXFileReference; lastKnownFileType = wrapper.framework; name = CoreGraphics.framework; path = System/Library/Frameworks/CoreGraphics.framework; sourceTree = SDKROOT; };
		194842C51799B0AB0016A5C0 /* UIKit.framework */ = {isa = PBXFileReference; lastKnownFileType = wrapper.framework; name = UIKit.framework; path = System/Library/Frameworks/UIKit.framework; sourceTree = SDKROOT; };
		194842C91799B0AB0016A5C0 /* Centris-Info.plist */ = {isa = PBXFileReference; lastKnownFileType = text.plist.xml; path = "Centris-Info.plist"; sourceTree = "<group>"; };
		194842CB1799B0AB0016A5C0 /* en */ = {isa = PBXFileReference; lastKnownFileType = text.plist.strings; name = en; path = en.lproj/InfoPlist.strings; sourceTree = "<group>"; };
		194842CD1799B0AB0016A5C0 /* main.m */ = {isa = PBXFileReference; lastKnownFileType = sourcecode.c.objc; path = main.m; sourceTree = "<group>"; };
		194842CF1799B0AB0016A5C0 /* Centris-Prefix.pch */ = {isa = PBXFileReference; lastKnownFileType = sourcecode.c.h; path = "Centris-Prefix.pch"; sourceTree = "<group>"; };
		194842D01799B0AB0016A5C0 /* AppDelegate.h */ = {isa = PBXFileReference; lastKnownFileType = sourcecode.c.h; path = AppDelegate.h; sourceTree = "<group>"; };
		194842D11799B0AB0016A5C0 /* AppDelegate.m */ = {isa = PBXFileReference; lastKnownFileType = sourcecode.c.objc; path = AppDelegate.m; sourceTree = "<group>"; };
		194842D41799B0AB0016A5C0 /* Base */ = {isa = PBXFileReference; lastKnownFileType = file.storyboard; name = Base; path = Base.lproj/Main.storyboard; sourceTree = "<group>"; };
		194842D91799B0AB0016A5C0 /* Images.xcassets */ = {isa = PBXFileReference; lastKnownFileType = folder.assetcatalog; path = Images.xcassets; sourceTree = "<group>"; };
		194842E01799B0AB0016A5C0 /* XCTest.framework */ = {isa = PBXFileReference; lastKnownFileType = wrapper.framework; name = XCTest.framework; path = Library/Frameworks/XCTest.framework; sourceTree = DEVELOPER_DIR; };
		194F9AB5180806790099A3E6 /* NSDate+Helper.h */ = {isa = PBXFileReference; fileEncoding = 4; lastKnownFileType = sourcecode.c.h; path = "NSDate+Helper.h"; sourceTree = "<group>"; };
		194F9AB6180806790099A3E6 /* NSDate+Helper.m */ = {isa = PBXFileReference; fileEncoding = 4; lastKnownFileType = sourcecode.c.objc; path = "NSDate+Helper.m"; sourceTree = "<group>"; };
		1959490118350129009686F5 /* AssignmentDetailViewController.h */ = {isa = PBXFileReference; fileEncoding = 4; lastKnownFileType = sourcecode.c.h; path = AssignmentDetailViewController.h; sourceTree = "<group>"; };
		1959490218350129009686F5 /* AssignmentDetailViewController.m */ = {isa = PBXFileReference; fileEncoding = 4; lastKnownFileType = sourcecode.c.objc; path = AssignmentDetailViewController.m; sourceTree = "<group>"; };
		197631B21857949000D71356 /* SemesterViewController.h */ = {isa = PBXFileReference; fileEncoding = 4; lastKnownFileType = sourcecode.c.h; path = SemesterViewController.h; sourceTree = "<group>"; };
		197631B31857949000D71356 /* SemesterViewController.m */ = {isa = PBXFileReference; fileEncoding = 4; lastKnownFileType = sourcecode.c.objc; path = SemesterViewController.m; sourceTree = "<group>"; };
		19879C7317AF13C400FBC672 /* ScheduleTableViewCell.h */ = {isa = PBXFileReference; fileEncoding = 4; lastKnownFileType = sourcecode.c.h; path = ScheduleTableViewCell.h; sourceTree = "<group>"; };
		19879C7417AF13C400FBC672 /* ScheduleTableViewCell.m */ = {isa = PBXFileReference; fileEncoding = 4; lastKnownFileType = sourcecode.c.objc; path = ScheduleTableViewCell.m; sourceTree = "<group>"; };
		1989B653183A84B80005E44F /* AssignmentDetailViewFileCell.h */ = {isa = PBXFileReference; fileEncoding = 4; lastKnownFileType = sourcecode.c.h; path = AssignmentDetailViewFileCell.h; sourceTree = "<group>"; };
		1989B654183A84B80005E44F /* AssignmentDetailViewFileCell.m */ = {isa = PBXFileReference; fileEncoding = 4; lastKnownFileType = sourcecode.c.objc; path = AssignmentDetailViewFileCell.m; sourceTree = "<group>"; };
		1989B656183AC0A40005E44F /* AssignmentFileViewController.h */ = {isa = PBXFileReference; fileEncoding = 4; lastKnownFileType = sourcecode.c.h; path = AssignmentFileViewController.h; sourceTree = "<group>"; };
		1989B657183AC0A50005E44F /* AssignmentFileViewController.m */ = {isa = PBXFileReference; fileEncoding = 4; lastKnownFileType = sourcecode.c.objc; path = AssignmentFileViewController.m; sourceTree = "<group>"; };
		1989B659183CC4510005E44F /* Assignment.h */ = {isa = PBXFileReference; fileEncoding = 4; lastKnownFileType = sourcecode.c.h; name = Assignment.h; path = Models/Assignment.h; sourceTree = "<group>"; };
		1989B65A183CC4510005E44F /* Assignment.m */ = {isa = PBXFileReference; fileEncoding = 4; lastKnownFileType = sourcecode.c.objc; name = Assignment.m; path = Models/Assignment.m; sourceTree = "<group>"; };
		199F72C51802E16F009A724A /* ScheduleViewController.h */ = {isa = PBXFileReference; fileEncoding = 4; lastKnownFileType = sourcecode.c.h; path = ScheduleViewController.h; sourceTree = "<group>"; };
		199F72C61802E16F009A724A /* ScheduleViewController.m */ = {isa = PBXFileReference; fileEncoding = 4; lastKnownFileType = sourcecode.c.objc; path = ScheduleViewController.m; sourceTree = "<group>"; };
		199F72C91802F9AB009A724A /* DatePickerView.h */ = {isa = PBXFileReference; fileEncoding = 4; lastKnownFileType = sourcecode.c.h; path = DatePickerView.h; sourceTree = "<group>"; };
		199F72CA1802F9AB009A724A /* DatePickerView.m */ = {isa = PBXFileReference; fileEncoding = 4; lastKnownFileType = sourcecode.c.objc; path = DatePickerView.m; sourceTree = "<group>"; };
		199F72CC1802FC40009A724A /* DatePickerDayView.h */ = {isa = PBXFileReference; fileEncoding = 4; lastKnownFileType = sourcecode.c.h; path = DatePickerDayView.h; sourceTree = "<group>"; };
		199F72CD1802FC40009A724A /* DatePickerDayView.m */ = {isa = PBXFileReference; fileEncoding = 4; lastKnownFileType = sourcecode.c.objc; path = DatePickerDayView.m; sourceTree = "<group>"; };
		19BAC8441844CA0100003D05 /* AssignmentCardTableViewCell.h */ = {isa = PBXFileReference; fileEncoding = 4; lastKnownFileType = sourcecode.c.h; path = AssignmentCardTableViewCell.h; sourceTree = "<group>"; };
		19BAC8451844CA0100003D05 /* AssignmentCardTableViewCell.m */ = {isa = PBXFileReference; fileEncoding = 4; lastKnownFileType = sourcecode.c.objc; path = AssignmentCardTableViewCell.m; sourceTree = "<group>"; };
		19BAC847184553D400003D05 /* LunchCardTableViewCell.h */ = {isa = PBXFileReference; fileEncoding = 4; lastKnownFileType = sourcecode.c.h; path = LunchCardTableViewCell.h; sourceTree = "<group>"; };
		19BAC848184553D400003D05 /* LunchCardTableViewCell.m */ = {isa = PBXFileReference; fileEncoding = 4; lastKnownFileType = sourcecode.c.objc; path = LunchCardTableViewCell.m; sourceTree = "<group>"; };
		19BAC84A1845712E00003D05 /* EventCardTableViewCell.h */ = {isa = PBXFileReference; fileEncoding = 4; lastKnownFileType = sourcecode.c.h; path = EventCardTableViewCell.h; sourceTree = "<group>"; };
		19BAC84B1845712E00003D05 /* EventCardTableViewCell.m */ = {isa = PBXFileReference; fileEncoding = 4; lastKnownFileType = sourcecode.c.objc; path = EventCardTableViewCell.m; sourceTree = "<group>"; };
		19BD8F3C183D71E300F34A40 /* libTestFlight.a */ = {isa = PBXFileReference; lastKnownFileType = archive.ar; path = libTestFlight.a; sourceTree = "<group>"; };
		19BD8F3D183D71E300F34A40 /* README.md */ = {isa = PBXFileReference; fileEncoding = 4; lastKnownFileType = text; path = README.md; sourceTree = "<group>"; };
		19BD8F3E183D71E300F34A40 /* release_notes.md */ = {isa = PBXFileReference; fileEncoding = 4; lastKnownFileType = text; path = release_notes.md; sourceTree = "<group>"; };
		19BD8F3F183D71E300F34A40 /* TestFlight+AsyncLogging.h */ = {isa = PBXFileReference; fileEncoding = 4; lastKnownFileType = sourcecode.c.h; path = "TestFlight+AsyncLogging.h"; sourceTree = "<group>"; };
		19BD8F40183D71E300F34A40 /* TestFlight+ManualSessions.h */ = {isa = PBXFileReference; fileEncoding = 4; lastKnownFileType = sourcecode.c.h; path = "TestFlight+ManualSessions.h"; sourceTree = "<group>"; };
		19BD8F41183D71E300F34A40 /* TestFlight.h */ = {isa = PBXFileReference; fileEncoding = 4; lastKnownFileType = sourcecode.c.h; path = TestFlight.h; sourceTree = "<group>"; };
		19BD8F45183D726100F34A40 /* libz.dylib */ = {isa = PBXFileReference; lastKnownFileType = "compiled.mach-o.dylib"; name = libz.dylib; path = usr/lib/libz.dylib; sourceTree = SDKROOT; };
		19CD49D1184240D2008094D8 /* ScheduleCardTableViewCell.h */ = {isa = PBXFileReference; fileEncoding = 4; lastKnownFileType = sourcecode.c.h; path = ScheduleCardTableViewCell.h; sourceTree = "<group>"; };
		19CD49D2184240D2008094D8 /* ScheduleCardTableViewCell.m */ = {isa = PBXFileReference; fileEncoding = 4; lastKnownFileType = sourcecode.c.objc; path = ScheduleCardTableViewCell.m; sourceTree = "<group>"; };
		19F62CD917AC057100EEF08C /* AssignmentsTableViewController.h */ = {isa = PBXFileReference; fileEncoding = 4; lastKnownFileType = sourcecode.c.h; path = AssignmentsTableViewController.h; sourceTree = "<group>"; };
		19F62CDA17AC057100EEF08C /* AssignmentsTableViewController.m */ = {isa = PBXFileReference; fileEncoding = 4; lastKnownFileType = sourcecode.c.objc; path = AssignmentsTableViewController.m; sourceTree = "<group>"; };
		19F62CDC17AC3EB700EEF08C /* CentrisDataFetcher.h */ = {isa = PBXFileReference; fileEncoding = 4; lastKnownFileType = sourcecode.c.h; path = CentrisDataFetcher.h; sourceTree = "<group>"; };
		19F62CDD17AC3EB700EEF08C /* CentrisDataFetcher.m */ = {isa = PBXFileReference; fileEncoding = 4; lastKnownFileType = sourcecode.c.objc; path = CentrisDataFetcher.m; sourceTree = "<group>"; };
		19F78A5618269F880085C322 /* CentrisParserDataFetcher.h */ = {isa = PBXFileReference; fileEncoding = 4; lastKnownFileType = sourcecode.c.h; path = CentrisParserDataFetcher.h; sourceTree = "<group>"; };
		19F78A5718269F880085C322 /* CentrisParserDataFetcher.m */ = {isa = PBXFileReference; fileEncoding = 4; lastKnownFileType = sourcecode.c.objc; path = CentrisParserDataFetcher.m; sourceTree = "<group>"; };
		6E547C56EC8D419DAE2F8654 /* libPods.a */ = {isa = PBXFileReference; explicitFileType = archive.ar; includeInIndex = 0; path = libPods.a; sourceTree = BUILT_PRODUCTS_DIR; };
		960827F817CB8E5D004741FD /* HomeFeedViewController.h */ = {isa = PBXFileReference; fileEncoding = 4; lastKnownFileType = sourcecode.c.h; path = HomeFeedViewController.h; sourceTree = "<group>"; };
		960827F917CB8E5D004741FD /* HomeFeedViewController.m */ = {isa = PBXFileReference; fileEncoding = 4; lastKnownFileType = sourcecode.c.objc; path = HomeFeedViewController.m; sourceTree = "<group>"; };
		9621008817D7795400D60C06 /* CoreData.framework */ = {isa = PBXFileReference; lastKnownFileType = wrapper.framework; name = CoreData.framework; path = System/Library/Frameworks/CoreData.framework; sourceTree = SDKROOT; };
		9647A94617E9E51700BB2A96 /* ScheduleEvent+Centris.h */ = {isa = PBXFileReference; fileEncoding = 4; lastKnownFileType = sourcecode.c.h; name = "ScheduleEvent+Centris.h"; path = "Models/ScheduleEvent+Centris.h"; sourceTree = "<group>"; };
		9647A94717E9E51700BB2A96 /* ScheduleEvent+Centris.m */ = {isa = PBXFileReference; fileEncoding = 4; lastKnownFileType = sourcecode.c.objc; name = "ScheduleEvent+Centris.m"; path = "Models/ScheduleEvent+Centris.m"; sourceTree = "<group>"; };
		966A498D17E9ADB4009C342B /* CentrisTheme.h */ = {isa = PBXFileReference; fileEncoding = 4; lastKnownFileType = sourcecode.c.h; path = CentrisTheme.h; sourceTree = "<group>"; };
		966A498E17E9ADB4009C342B /* CentrisTheme.m */ = {isa = PBXFileReference; fileEncoding = 4; lastKnownFileType = sourcecode.c.objc; path = CentrisTheme.m; sourceTree = "<group>"; };
		966B2D0B17FC261A00F3D170 /* DataFetcher.h */ = {isa = PBXFileReference; lastKnownFileType = sourcecode.c.h; path = DataFetcher.h; sourceTree = "<group>"; };
		966B2D0C17FC28D000F3D170 /* CDFServiceStub.h */ = {isa = PBXFileReference; fileEncoding = 4; lastKnownFileType = sourcecode.c.h; path = CDFServiceStub.h; sourceTree = "<group>"; };
		966B2D0D17FC28D000F3D170 /* CDFServiceStub.m */ = {isa = PBXFileReference; fileEncoding = 4; lastKnownFileType = sourcecode.c.objc; path = CDFServiceStub.m; sourceTree = "<group>"; };
		966B2D0F17FC39F000F3D170 /* Configuration.plist */ = {isa = PBXFileReference; fileEncoding = 4; lastKnownFileType = text.plist.xml; path = Configuration.plist; sourceTree = "<group>"; };
		966B2D1117FC498C00F3D170 /* AppFactory.h */ = {isa = PBXFileReference; fileEncoding = 4; lastKnownFileType = sourcecode.c.h; path = AppFactory.h; sourceTree = "<group>"; };
		966B2D1217FC498C00F3D170 /* AppFactory.m */ = {isa = PBXFileReference; fileEncoding = 4; lastKnownFileType = sourcecode.c.objc; path = AppFactory.m; sourceTree = "<group>"; };
		969C94DB180807E100356C7C /* LoginViewController.h */ = {isa = PBXFileReference; fileEncoding = 4; lastKnownFileType = sourcecode.c.h; path = LoginViewController.h; sourceTree = "<group>"; };
		969C94DC180807E100356C7C /* LoginViewController.m */ = {isa = PBXFileReference; fileEncoding = 4; lastKnownFileType = sourcecode.c.objc; path = LoginViewController.m; sourceTree = "<group>"; };
		969C94DE18082A3700356C7C /* Security.framework */ = {isa = PBXFileReference; lastKnownFileType = wrapper.framework; name = Security.framework; path = System/Library/Frameworks/Security.framework; sourceTree = SDKROOT; };
		969C94E418082DDD00356C7C /* KeychainItemWrapper.h */ = {isa = PBXFileReference; fileEncoding = 4; lastKnownFileType = sourcecode.c.h; path = KeychainItemWrapper.h; sourceTree = "<group>"; };
		969C94E518082DDD00356C7C /* KeychainItemWrapper.m */ = {isa = PBXFileReference; fileEncoding = 4; lastKnownFileType = sourcecode.c.objc; path = KeychainItemWrapper.m; sourceTree = "<group>"; };
		AEEF260E04B34BA2A6F68072 /* Pods.xcconfig */ = {isa = PBXFileReference; includeInIndex = 1; lastKnownFileType = text.xcconfig; name = Pods.xcconfig; path = Pods/Pods.xcconfig; sourceTree = "<group>"; };
		BD5C1144E5EA406384D3A988 /* Pods-CentrisTests.xcconfig */ = {isa = PBXFileReference; includeInIndex = 1; lastKnownFileType = text.xcconfig; name = "Pods-CentrisTests.xcconfig"; path = "Pods/Pods-CentrisTests.xcconfig"; sourceTree = "<group>"; };
		E28709DF03DC4535BB84702E /* libPods-CentrisTests.a */ = {isa = PBXFileReference; explicitFileType = archive.ar; includeInIndex = 0; path = "libPods-CentrisTests.a"; sourceTree = BUILT_PRODUCTS_DIR; };
/* End PBXFileReference section */

/* Begin PBXFrameworksBuildPhase section */
		18777D671843B58B00DAB715 /* Frameworks */ = {
			isa = PBXFrameworksBuildPhase;
			buildActionMask = 2147483647;
			files = (
				18777D6B1843B58B00DAB715 /* XCTest.framework in Frameworks */,
				18777D6D1843B58B00DAB715 /* UIKit.framework in Frameworks */,
				18777D6C1843B58B00DAB715 /* Foundation.framework in Frameworks */,
				7C2B85CE2EC94AC99731B899 /* libPods-CentrisTests.a in Frameworks */,
			);
			runOnlyForDeploymentPostprocessing = 0;
		};
		194842BB1799B0AB0016A5C0 /* Frameworks */ = {
			isa = PBXFrameworksBuildPhase;
			buildActionMask = 2147483647;
			files = (
				19CD49CF1842327A008094D8 /* libTestFlight.a in Frameworks */,
				19BD8F46183D726100F34A40 /* libz.dylib in Frameworks */,
				969C94DF18082A3700356C7C /* Security.framework in Frameworks */,
				9621008917D7795400D60C06 /* CoreData.framework in Frameworks */,
				194842C41799B0AB0016A5C0 /* CoreGraphics.framework in Frameworks */,
				194842C61799B0AB0016A5C0 /* UIKit.framework in Frameworks */,
				194842C21799B0AB0016A5C0 /* Foundation.framework in Frameworks */,
				578A4E52D2AD46909AA8B31E /* libPods.a in Frameworks */,
			);
			runOnlyForDeploymentPostprocessing = 0;
		};
/* End PBXFrameworksBuildPhase section */

/* Begin PBXGroup section */
		18777D6E1843B58B00DAB715 /* CentrisTests */ = {
			isa = PBXGroup;
			children = (
				18FAA6EA184651F000CAE495 /* Assignment+Centris_Spec.m */,
				18FAA6EB184651F000CAE495 /* AssignmentFile+Centris_Spec.m */,
				18CAC52F18466D770006E5AA /* CourseInstance+Centris_Spec.m */,
				18FAA6F21846524900CAE495 /* Menu+Centris_Spec.m */,
				18CAC5311846712D0006E5AA /* ScheduleEvent+Centris_Spec.m */,
				18120ECE185903CE001D802F /* ScheduleEventUnit+Centris_Spec.m */,
				18FAA6ED184651F000CAE495 /* NSDate+Helper_Spec.m */,
				18777D6F1843B58B00DAB715 /* Supporting Files */,
			);
			path = CentrisTests;
			sourceTree = "<group>";
		};
		18777D6F1843B58B00DAB715 /* Supporting Files */ = {
			isa = PBXGroup;
			children = (
				18777D701843B58B00DAB715 /* CentrisTests-Info.plist */,
				18777D711843B58B00DAB715 /* InfoPlist.strings */,
				18777D761843B58B00DAB715 /* CentrisTests-Prefix.pch */,
			);
			name = "Supporting Files";
			sourceTree = "<group>";
		};
		188C7DAA183528BA0030CB09 /* Profile */ = {
			isa = PBXGroup;
			children = (
				188C7DAB183528F00030CB09 /* ProfileViewController.h */,
				188C7DAC183528F00030CB09 /* ProfileViewController.m */,
			);
			name = Profile;
			sourceTree = "<group>";
		};
		1935C7C317C13B5400D82EC9 /* Models */ = {
			isa = PBXGroup;
			children = (
				1989B659183CC4510005E44F /* Assignment.h */,
				1989B65A183CC4510005E44F /* Assignment.m */,
				18A630E7183A8DBC00CA29FE /* AssignmentFile.h */,
				18A630E8183A8DBC00CA29FE /* AssignmentFile.m */,
				18856AD118206DE7009862CA /* CourseInstance.h */,
				18856AD218206DE7009862CA /* CourseInstance.m */,
				18E0BFFD1845618A009E1329 /* Menu.h */,
				18E0BFFE1845618A009E1329 /* Menu.m */,
				18A630D21839769B00CA29FE /* ScheduleEvent.h */,
				18A630D31839769B00CA29FE /* ScheduleEvent.m */,
				18A630CF183973D200CA29FE /* ScheduleEventUnit.h */,
				18A630D0183973D200CA29FE /* ScheduleEventUnit.m */,
				18E6F625182C03CE0073AB9A /* User.h */,
				18E6F626182C03CE0073AB9A /* User.m */,
			);
			name = Models;
			sourceTree = "<group>";
		};
		194842B51799B0AB0016A5C0 = {
			isa = PBXGroup;
			children = (
				194842C71799B0AB0016A5C0 /* Centris */,
				966A499517E9B4CB009C342B /* Libraries */,
				18777D6E1843B58B00DAB715 /* CentrisTests */,
				194842C01799B0AB0016A5C0 /* Frameworks */,
				194842BF1799B0AB0016A5C0 /* Products */,
				AEEF260E04B34BA2A6F68072 /* Pods.xcconfig */,
				BD5C1144E5EA406384D3A988 /* Pods-CentrisTests.xcconfig */,
			);
			sourceTree = "<group>";
		};
		194842BF1799B0AB0016A5C0 /* Products */ = {
			isa = PBXGroup;
			children = (
				194842BE1799B0AB0016A5C0 /* Centris.app */,
				18777D6A1843B58B00DAB715 /* CentrisTests.xctest */,
			);
			name = Products;
			sourceTree = "<group>";
		};
		194842C01799B0AB0016A5C0 /* Frameworks */ = {
			isa = PBXGroup;
			children = (
				19BD8F45183D726100F34A40 /* libz.dylib */,
				969C94DE18082A3700356C7C /* Security.framework */,
				9621008817D7795400D60C06 /* CoreData.framework */,
				194842C11799B0AB0016A5C0 /* Foundation.framework */,
				194842C31799B0AB0016A5C0 /* CoreGraphics.framework */,
				194842C51799B0AB0016A5C0 /* UIKit.framework */,
				194842E01799B0AB0016A5C0 /* XCTest.framework */,
				6E547C56EC8D419DAE2F8654 /* libPods.a */,
				E28709DF03DC4535BB84702E /* libPods-CentrisTests.a */,
			);
			name = Frameworks;
			sourceTree = "<group>";
		};
		194842C71799B0AB0016A5C0 /* Centris */ = {
			isa = PBXGroup;
			children = (
				966A499317E9B47A009C342B /* Views */,
				966A499217E9B330009C342B /* API */,
				966A499017E9B2DD009C342B /* Controllers */,
				966A498C17E9AD82009C342B /* App */,
				966A499917E9B68F009C342B /* Categories */,
				967A3AB8180311AD00A083BC /* Core Data */,
				194842D91799B0AB0016A5C0 /* Images.xcassets */,
				194842C81799B0AB0016A5C0 /* Supporting Files */,
			);
			path = Centris;
			sourceTree = "<group>";
		};
		194842C81799B0AB0016A5C0 /* Supporting Files */ = {
			isa = PBXGroup;
			children = (
				969C94E018082B4F00356C7C /* Keychain */,
				194842C91799B0AB0016A5C0 /* Centris-Info.plist */,
				194842CA1799B0AB0016A5C0 /* InfoPlist.strings */,
				194842CD1799B0AB0016A5C0 /* main.m */,
				194842CF1799B0AB0016A5C0 /* Centris-Prefix.pch */,
			);
			name = "Supporting Files";
			sourceTree = "<group>";
		};
		197631B11857947500D71356 /* Semester */ = {
			isa = PBXGroup;
			children = (
				197631B21857949000D71356 /* SemesterViewController.h */,
				197631B31857949000D71356 /* SemesterViewController.m */,
			);
			name = Semester;
			sourceTree = "<group>";
		};
		19879C7717AF1AB500FBC672 /* Assignment */ = {
			isa = PBXGroup;
			children = (
				19F62CD917AC057100EEF08C /* AssignmentsTableViewController.h */,
				19F62CDA17AC057100EEF08C /* AssignmentsTableViewController.m */,
				1959490118350129009686F5 /* AssignmentDetailViewController.h */,
				1959490218350129009686F5 /* AssignmentDetailViewController.m */,
				1989B656183AC0A40005E44F /* AssignmentFileViewController.h */,
				1989B657183AC0A50005E44F /* AssignmentFileViewController.m */,
			);
			name = Assignment;
			sourceTree = "<group>";
		};
		199F72C81802F916009A724A /* DatePicker */ = {
			isa = PBXGroup;
			children = (
				199F72C91802F9AB009A724A /* DatePickerView.h */,
				199F72CA1802F9AB009A724A /* DatePickerView.m */,
				199F72CC1802FC40009A724A /* DatePickerDayView.h */,
				199F72CD1802FC40009A724A /* DatePickerDayView.m */,
			);
			name = DatePicker;
			sourceTree = "<group>";
		};
		19BD8F3B183D71E300F34A40 /* TestFlightSDK2 */ = {
			isa = PBXGroup;
			children = (
				19BD8F3C183D71E300F34A40 /* libTestFlight.a */,
				19BD8F3D183D71E300F34A40 /* README.md */,
				19BD8F3E183D71E300F34A40 /* release_notes.md */,
				19BD8F3F183D71E300F34A40 /* TestFlight+AsyncLogging.h */,
				19BD8F40183D71E300F34A40 /* TestFlight+ManualSessions.h */,
				19BD8F41183D71E300F34A40 /* TestFlight.h */,
			);
			name = TestFlightSDK2;
			path = Centris/TestFlightSDK2;
			sourceTree = "<group>";
		};
		19CD49D01842407C008094D8 /* HomeFeedCardViewCells */ = {
			isa = PBXGroup;
			children = (
				19CD49D1184240D2008094D8 /* ScheduleCardTableViewCell.h */,
				19CD49D2184240D2008094D8 /* ScheduleCardTableViewCell.m */,
				19BAC8441844CA0100003D05 /* AssignmentCardTableViewCell.h */,
				19BAC8451844CA0100003D05 /* AssignmentCardTableViewCell.m */,
				19BAC847184553D400003D05 /* LunchCardTableViewCell.h */,
				19BAC848184553D400003D05 /* LunchCardTableViewCell.m */,
				19BAC84A1845712E00003D05 /* EventCardTableViewCell.h */,
				19BAC84B1845712E00003D05 /* EventCardTableViewCell.m */,
			);
			name = HomeFeedCardViewCells;
			sourceTree = "<group>";
		};
		960827FB17CB8E72004741FD /* HomeFeed */ = {
			isa = PBXGroup;
			children = (
				960827F817CB8E5D004741FD /* HomeFeedViewController.h */,
				960827F917CB8E5D004741FD /* HomeFeedViewController.m */,
			);
			name = HomeFeed;
			sourceTree = "<group>";
		};
		966A498C17E9AD82009C342B /* App */ = {
			isa = PBXGroup;
			children = (
				194842D01799B0AB0016A5C0 /* AppDelegate.h */,
				194842D11799B0AB0016A5C0 /* AppDelegate.m */,
				966A498D17E9ADB4009C342B /* CentrisTheme.h */,
				966A498E17E9ADB4009C342B /* CentrisTheme.m */,
				966B2D0F17FC39F000F3D170 /* Configuration.plist */,
				966B2D1117FC498C00F3D170 /* AppFactory.h */,
				966B2D1217FC498C00F3D170 /* AppFactory.m */,
			);
			name = App;
			sourceTree = "<group>";
		};
		966A499017E9B2DD009C342B /* Controllers */ = {
			isa = PBXGroup;
			children = (
				197631B11857947500D71356 /* Semester */,
				188C7DAA183528BA0030CB09 /* Profile */,
				969C94DA180807C600356C7C /* Login */,
				966A499817E9B632009C342B /* Schedule */,
				19879C7717AF1AB500FBC672 /* Assignment */,
				960827FB17CB8E72004741FD /* HomeFeed */,
			);
			name = Controllers;
			sourceTree = "<group>";
		};
		966A499217E9B330009C342B /* API */ = {
			isa = PBXGroup;
			children = (
				19F62CDC17AC3EB700EEF08C /* CentrisDataFetcher.h */,
				19F62CDD17AC3EB700EEF08C /* CentrisDataFetcher.m */,
				966B2D0B17FC261A00F3D170 /* DataFetcher.h */,
				966B2D0C17FC28D000F3D170 /* CDFServiceStub.h */,
				966B2D0D17FC28D000F3D170 /* CDFServiceStub.m */,
				19F78A5618269F880085C322 /* CentrisParserDataFetcher.h */,
				19F78A5718269F880085C322 /* CentrisParserDataFetcher.m */,
			);
			name = API;
			sourceTree = "<group>";
		};
		966A499317E9B47A009C342B /* Views */ = {
			isa = PBXGroup;
			children = (
				199F72C81802F916009A724A /* DatePicker */,
				966A499717E9B619009C342B /* Cells */,
				966A499417E9B482009C342B /* Storyboards */,
			);
			name = Views;
			sourceTree = "<group>";
		};
		966A499417E9B482009C342B /* Storyboards */ = {
			isa = PBXGroup;
			children = (
				194842D31799B0AB0016A5C0 /* Main.storyboard */,
			);
			name = Storyboards;
			sourceTree = "<group>";
		};
		966A499517E9B4CB009C342B /* Libraries */ = {
			isa = PBXGroup;
			children = (
				19BD8F3B183D71E300F34A40 /* TestFlightSDK2 */,
			);
			name = Libraries;
			sourceTree = "<group>";
		};
		966A499717E9B619009C342B /* Cells */ = {
			isa = PBXGroup;
			children = (
				19CD49D01842407C008094D8 /* HomeFeedCardViewCells */,
				19879C7317AF13C400FBC672 /* ScheduleTableViewCell.h */,
				19879C7417AF13C400FBC672 /* ScheduleTableViewCell.m */,
				190CA0EA1816C7FB00BC3046 /* AssignmentTableViewCell.h */,
				190CA0EB1816C7FB00BC3046 /* AssignmentTableViewCell.m */,
				1989B653183A84B80005E44F /* AssignmentDetailViewFileCell.h */,
				1989B654183A84B80005E44F /* AssignmentDetailViewFileCell.m */,
			);
			name = Cells;
			sourceTree = "<group>";
		};
		966A499817E9B632009C342B /* Schedule */ = {
			isa = PBXGroup;
			children = (
				199F72C51802E16F009A724A /* ScheduleViewController.h */,
				199F72C61802E16F009A724A /* ScheduleViewController.m */,
			);
			name = Schedule;
			sourceTree = "<group>";
		};
		966A499917E9B68F009C342B /* Categories */ = {
			isa = PBXGroup;
			children = (
				18372E71181C2DA8005CEC18 /* Assignment+Centris.h */,
				18372E72181C2DA8005CEC18 /* Assignment+Centris.m */,
				18A630ED183A9E7100CA29FE /* AssignmentFile+Centris.h */,
				18A630EE183A9E7100CA29FE /* AssignmentFile+Centris.m */,
				18D8C57E18226F4A00DE92B4 /* CourseInstance+Centris.h */,
				18D8C57F18226F4A00DE92B4 /* CourseInstance+Centris.m */,
				18E0C000184561BA009E1329 /* Menu+Centris.h */,
				18E0C001184561BA009E1329 /* Menu+Centris.m */,
				9647A94617E9E51700BB2A96 /* ScheduleEvent+Centris.h */,
				9647A94717E9E51700BB2A96 /* ScheduleEvent+Centris.m */,
				18FCA4ED183AD1CF00AD9CCE /* ScheduleEventUnit+Centris.h */,
				18FCA4EE183AD1CF00AD9CCE /* ScheduleEventUnit+Centris.m */,
				192F979117D76B04007E2694 /* User+Centris.h */,
				192F979217D76B04007E2694 /* User+Centris.m */,
				194F9AB5180806790099A3E6 /* NSDate+Helper.h */,
				194F9AB6180806790099A3E6 /* NSDate+Helper.m */,
			);
			name = Categories;
			sourceTree = "<group>";
		};
		967A3AB8180311AD00A083BC /* Core Data */ = {
			isa = PBXGroup;
			children = (
				18856AD418206F33009862CA /* CDDataFetcher.h */,
				18856AD518206F33009862CA /* CDDataFetcher.m */,
				192F978B17D746C1007E2694 /* CoreData.xcdatamodeld */,
				1935C7C317C13B5400D82EC9 /* Models */,
			);
			name = "Core Data";
			sourceTree = "<group>";
		};
		969C94DA180807C600356C7C /* Login */ = {
			isa = PBXGroup;
			children = (
				969C94DB180807E100356C7C /* LoginViewController.h */,
				969C94DC180807E100356C7C /* LoginViewController.m */,
			);
			name = Login;
			sourceTree = "<group>";
		};
		969C94E018082B4F00356C7C /* Keychain */ = {
			isa = PBXGroup;
			children = (
				969C94E418082DDD00356C7C /* KeychainItemWrapper.h */,
				969C94E518082DDD00356C7C /* KeychainItemWrapper.m */,
			);
			name = Keychain;
			sourceTree = "<group>";
		};
/* End PBXGroup section */

/* Begin PBXNativeTarget section */
		18777D691843B58B00DAB715 /* CentrisTests */ = {
			isa = PBXNativeTarget;
			buildConfigurationList = 18777D7B1843B58B00DAB715 /* Build configuration list for PBXNativeTarget "CentrisTests" */;
			buildPhases = (
				21DBB4DF93A8455CA73DDE63 /* Check Pods Manifest.lock */,
				18777D661843B58B00DAB715 /* Sources */,
				18777D671843B58B00DAB715 /* Frameworks */,
				18777D681843B58B00DAB715 /* Resources */,
				DD145C2CF2EC433A9B24F475 /* Copy Pods Resources */,
			);
			buildRules = (
			);
			dependencies = (
				18777D781843B58B00DAB715 /* PBXTargetDependency */,
			);
			name = CentrisTests;
			productName = CentrisTests;
			productReference = 18777D6A1843B58B00DAB715 /* CentrisTests.xctest */;
			productType = "com.apple.product-type.bundle.unit-test";
		};
		194842BD1799B0AB0016A5C0 /* Centris */ = {
			isa = PBXNativeTarget;
			buildConfigurationList = 194842F01799B0AB0016A5C0 /* Build configuration list for PBXNativeTarget "Centris" */;
			buildPhases = (
				1C7C7EC7795A416D9BF064E3 /* Check Pods Manifest.lock */,
				194842BA1799B0AB0016A5C0 /* Sources */,
				194842BB1799B0AB0016A5C0 /* Frameworks */,
				194842BC1799B0AB0016A5C0 /* Resources */,
				D37A85618F1E4FF6886C31E6 /* Copy Pods Resources */,
			);
			buildRules = (
			);
			dependencies = (
			);
			name = Centris;
			productName = Centris;
			productReference = 194842BE1799B0AB0016A5C0 /* Centris.app */;
			productType = "com.apple.product-type.application";
		};
/* End PBXNativeTarget section */

/* Begin PBXProject section */
		194842B61799B0AB0016A5C0 /* Project object */ = {
			isa = PBXProject;
			attributes = {
				LastUpgradeCheck = 0500;
				ORGANIZATIONNAME = "Kristinn Svansson";
				TargetAttributes = {
					18777D691843B58B00DAB715 = {
						TestTargetID = 194842BD1799B0AB0016A5C0;
					};
					194842BD1799B0AB0016A5C0 = {
						DevelopmentTeam = 9G9K2ZSW98;
						SystemCapabilities = {
							com.apple.InAppPurchase = {
								enabled = 0;
							};
						};
					};
				};
			};
			buildConfigurationList = 194842B91799B0AB0016A5C0 /* Build configuration list for PBXProject "Centris" */;
			compatibilityVersion = "Xcode 3.2";
			developmentRegion = English;
			hasScannedForEncodings = 0;
			knownRegions = (
				en,
				Base,
			);
			mainGroup = 194842B51799B0AB0016A5C0;
			productRefGroup = 194842BF1799B0AB0016A5C0 /* Products */;
			projectDirPath = "";
			projectRoot = "";
			targets = (
				194842BD1799B0AB0016A5C0 /* Centris */,
				18777D691843B58B00DAB715 /* CentrisTests */,
			);
		};
/* End PBXProject section */

/* Begin PBXResourcesBuildPhase section */
		18777D681843B58B00DAB715 /* Resources */ = {
			isa = PBXResourcesBuildPhase;
			buildActionMask = 2147483647;
			files = (
				18777D731843B58B00DAB715 /* InfoPlist.strings in Resources */,
			);
			runOnlyForDeploymentPostprocessing = 0;
		};
		194842BC1799B0AB0016A5C0 /* Resources */ = {
			isa = PBXResourcesBuildPhase;
			buildActionMask = 2147483647;
			files = (
				194842DA1799B0AB0016A5C0 /* Images.xcassets in Resources */,
				966B2D1017FC39F000F3D170 /* Configuration.plist in Resources */,
				194842CC1799B0AB0016A5C0 /* InfoPlist.strings in Resources */,
				198CCDC2181EAD8A00B2EE65 /* Main.storyboard in Resources */,
			);
			runOnlyForDeploymentPostprocessing = 0;
		};
/* End PBXResourcesBuildPhase section */

/* Begin PBXShellScriptBuildPhase section */
		1C7C7EC7795A416D9BF064E3 /* Check Pods Manifest.lock */ = {
			isa = PBXShellScriptBuildPhase;
			buildActionMask = 2147483647;
			files = (
			);
			inputPaths = (
			);
			name = "Check Pods Manifest.lock";
			outputPaths = (
			);
			runOnlyForDeploymentPostprocessing = 0;
			shellPath = /bin/sh;
			shellScript = "diff \"${PODS_ROOT}/../Podfile.lock\" \"${PODS_ROOT}/Manifest.lock\" > /dev/null\nif [[ $? != 0 ]] ; then\n    cat << EOM\nerror: The sandbox is not in sync with the Podfile.lock. Run 'pod install' or update your CocoaPods installation.\nEOM\n    exit 1\nfi\n";
			showEnvVarsInLog = 0;
		};
		21DBB4DF93A8455CA73DDE63 /* Check Pods Manifest.lock */ = {
			isa = PBXShellScriptBuildPhase;
			buildActionMask = 2147483647;
			files = (
			);
			inputPaths = (
			);
			name = "Check Pods Manifest.lock";
			outputPaths = (
			);
			runOnlyForDeploymentPostprocessing = 0;
			shellPath = /bin/sh;
			shellScript = "diff \"${PODS_ROOT}/../Podfile.lock\" \"${PODS_ROOT}/Manifest.lock\" > /dev/null\nif [[ $? != 0 ]] ; then\n    cat << EOM\nerror: The sandbox is not in sync with the Podfile.lock. Run 'pod install' or update your CocoaPods installation.\nEOM\n    exit 1\nfi\n";
			showEnvVarsInLog = 0;
		};
		D37A85618F1E4FF6886C31E6 /* Copy Pods Resources */ = {
			isa = PBXShellScriptBuildPhase;
			buildActionMask = 2147483647;
			files = (
			);
			inputPaths = (
			);
			name = "Copy Pods Resources";
			outputPaths = (
			);
			runOnlyForDeploymentPostprocessing = 0;
			shellPath = /bin/sh;
			shellScript = "\"${SRCROOT}/Pods/Pods-resources.sh\"\n";
			showEnvVarsInLog = 0;
		};
		DD145C2CF2EC433A9B24F475 /* Copy Pods Resources */ = {
			isa = PBXShellScriptBuildPhase;
			buildActionMask = 2147483647;
			files = (
			);
			inputPaths = (
			);
			name = "Copy Pods Resources";
			outputPaths = (
			);
			runOnlyForDeploymentPostprocessing = 0;
			shellPath = /bin/sh;
			shellScript = "\"${SRCROOT}/Pods/Pods-CentrisTests-resources.sh\"\n";
			showEnvVarsInLog = 0;
		};
/* End PBXShellScriptBuildPhase section */

/* Begin PBXSourcesBuildPhase section */
		18777D661843B58B00DAB715 /* Sources */ = {
			isa = PBXSourcesBuildPhase;
			buildActionMask = 2147483647;
			files = (
				18120ECF185903CE001D802F /* ScheduleEventUnit+Centris_Spec.m in Sources */,
				18CAC53018466D770006E5AA /* CourseInstance+Centris_Spec.m in Sources */,
				18FAA6EF184651F000CAE495 /* AssignmentFile+Centris_Spec.m in Sources */,
				18FAA6EE184651F000CAE495 /* Assignment+Centris_Spec.m in Sources */,
				18FAA6F1184651F000CAE495 /* NSDate+Helper_Spec.m in Sources */,
				18FAA6F31846524900CAE495 /* Menu+Centris_Spec.m in Sources */,
				18CAC5321846712D0006E5AA /* ScheduleEvent+Centris_Spec.m in Sources */,
			);
			runOnlyForDeploymentPostprocessing = 0;
		};
		194842BA1799B0AB0016A5C0 /* Sources */ = {
			isa = PBXSourcesBuildPhase;
			buildActionMask = 2147483647;
			files = (
				966B2D1317FC498C00F3D170 /* AppFactory.m in Sources */,
				969C94DD180807E100356C7C /* LoginViewController.m in Sources */,
				1989B655183A84B80005E44F /* AssignmentDetailViewFileCell.m in Sources */,
				18856AD318206DE7009862CA /* CourseInstance.m in Sources */,
				1989B65B183CC4510005E44F /* Assignment.m in Sources */,
				18856AD618206F33009862CA /* CDDataFetcher.m in Sources */,
				192F978D17D746C1007E2694 /* CoreData.xcdatamodeld in Sources */,
				18E0C002184561BA009E1329 /* Menu+Centris.m in Sources */,
				199F72CB1802F9AB009A724A /* DatePickerView.m in Sources */,
				19BAC849184553D400003D05 /* LunchCardTableViewCell.m in Sources */,
				9647A94817E9E51700BB2A96 /* ScheduleEvent+Centris.m in Sources */,
				18A630E9183A8DBC00CA29FE /* AssignmentFile.m in Sources */,
				197631B41857949000D71356 /* SemesterViewController.m in Sources */,
				1959490318350129009686F5 /* AssignmentDetailViewController.m in Sources */,
				18E6F627182C03CE0073AB9A /* User.m in Sources */,
				19F62CDE17AC3EB700EEF08C /* CentrisDataFetcher.m in Sources */,
				19BAC8461844CA0100003D05 /* AssignmentCardTableViewCell.m in Sources */,
				18FCA4EF183AD1CF00AD9CCE /* ScheduleEventUnit+Centris.m in Sources */,
				19879C7517AF13C400FBC672 /* ScheduleTableViewCell.m in Sources */,
				966B2D0E17FC28D000F3D170 /* CDFServiceStub.m in Sources */,
				18A630D1183973D200CA29FE /* ScheduleEventUnit.m in Sources */,
				199F72C71802E16F009A724A /* ScheduleViewController.m in Sources */,
				18A630EF183A9E7100CA29FE /* AssignmentFile+Centris.m in Sources */,
				194842D21799B0AB0016A5C0 /* AppDelegate.m in Sources */,
				19CD49D3184240D2008094D8 /* ScheduleCardTableViewCell.m in Sources */,
				192F979317D76B04007E2694 /* User+Centris.m in Sources */,
				194F9AB7180806790099A3E6 /* NSDate+Helper.m in Sources */,
				190CA0EC1816C7FB00BC3046 /* AssignmentTableViewCell.m in Sources */,
				19F78A5818269F880085C322 /* CentrisParserDataFetcher.m in Sources */,
				19BAC84C1845712E00003D05 /* EventCardTableViewCell.m in Sources */,
				18372E73181C2DA8005CEC18 /* Assignment+Centris.m in Sources */,
				1989B658183AC0A50005E44F /* AssignmentFileViewController.m in Sources */,
				18E0BFFF1845618A009E1329 /* Menu.m in Sources */,
				188C7DAD183528F00030CB09 /* ProfileViewController.m in Sources */,
				966A498F17E9ADB4009C342B /* CentrisTheme.m in Sources */,
				18A630D41839769B00CA29FE /* ScheduleEvent.m in Sources */,
				960827FA17CB8E5D004741FD /* HomeFeedViewController.m in Sources */,
				969C94E618082DDD00356C7C /* KeychainItemWrapper.m in Sources */,
				19F62CDB17AC057100EEF08C /* AssignmentsTableViewController.m in Sources */,
				18D8C58018226F4A00DE92B4 /* CourseInstance+Centris.m in Sources */,
				194842CE1799B0AB0016A5C0 /* main.m in Sources */,
				199F72CE1802FC40009A724A /* DatePickerDayView.m in Sources */,
			);
			runOnlyForDeploymentPostprocessing = 0;
		};
/* End PBXSourcesBuildPhase section */

/* Begin PBXTargetDependency section */
		18777D781843B58B00DAB715 /* PBXTargetDependency */ = {
			isa = PBXTargetDependency;
			target = 194842BD1799B0AB0016A5C0 /* Centris */;
			targetProxy = 18777D771843B58B00DAB715 /* PBXContainerItemProxy */;
		};
/* End PBXTargetDependency section */

/* Begin PBXVariantGroup section */
		18777D711843B58B00DAB715 /* InfoPlist.strings */ = {
			isa = PBXVariantGroup;
			children = (
				18777D721843B58B00DAB715 /* en */,
			);
			name = InfoPlist.strings;
			sourceTree = "<group>";
		};
		194842CA1799B0AB0016A5C0 /* InfoPlist.strings */ = {
			isa = PBXVariantGroup;
			children = (
				194842CB1799B0AB0016A5C0 /* en */,
			);
			name = InfoPlist.strings;
			sourceTree = "<group>";
		};
		194842D31799B0AB0016A5C0 /* Main.storyboard */ = {
			isa = PBXVariantGroup;
			children = (
				194842D41799B0AB0016A5C0 /* Base */,
			);
			name = Main.storyboard;
			sourceTree = "<group>";
		};
/* End PBXVariantGroup section */

/* Begin XCBuildConfiguration section */
		18777D791843B58B00DAB715 /* Debug */ = {
			isa = XCBuildConfiguration;
			baseConfigurationReference = BD5C1144E5EA406384D3A988 /* Pods-CentrisTests.xcconfig */;
			buildSettings = {
				ARCHS = "$(ARCHS_STANDARD_INCLUDING_64_BIT)";
				BUNDLE_LOADER = "$(BUILT_PRODUCTS_DIR)/Centris.app/Centris";
				FRAMEWORK_SEARCH_PATHS = (
					"$(SDKROOT)/Developer/Library/Frameworks",
					"$(inherited)",
					"$(DEVELOPER_FRAMEWORKS_DIR)",
				);
				GCC_PRECOMPILE_PREFIX_HEADER = YES;
				GCC_PREFIX_HEADER = "CentrisTests/CentrisTests-Prefix.pch";
				GCC_PREPROCESSOR_DEFINITIONS = (
					"DEBUG=1",
					"$(inherited)",
				);
				GCC_WARN_64_TO_32_BIT_CONVERSION = YES;
				INFOPLIST_FILE = "CentrisTests/CentrisTests-Info.plist";
				PRODUCT_NAME = "$(TARGET_NAME)";
				TEST_HOST = "$(BUNDLE_LOADER)";
				WRAPPER_EXTENSION = xctest;
			};
			name = Debug;
		};
		18777D7A1843B58B00DAB715 /* Release */ = {
			isa = XCBuildConfiguration;
			baseConfigurationReference = BD5C1144E5EA406384D3A988 /* Pods-CentrisTests.xcconfig */;
			buildSettings = {
				ARCHS = "$(ARCHS_STANDARD_INCLUDING_64_BIT)";
				BUNDLE_LOADER = "$(BUILT_PRODUCTS_DIR)/Centris.app/Centris";
				FRAMEWORK_SEARCH_PATHS = (
					"$(SDKROOT)/Developer/Library/Frameworks",
					"$(inherited)",
					"$(DEVELOPER_FRAMEWORKS_DIR)",
				);
				GCC_PRECOMPILE_PREFIX_HEADER = YES;
				GCC_PREFIX_HEADER = "CentrisTests/CentrisTests-Prefix.pch";
				GCC_WARN_64_TO_32_BIT_CONVERSION = YES;
				INFOPLIST_FILE = "CentrisTests/CentrisTests-Info.plist";
				PRODUCT_NAME = "$(TARGET_NAME)";
				TEST_HOST = "$(BUNDLE_LOADER)";
				WRAPPER_EXTENSION = xctest;
			};
			name = Release;
		};
		194842EE1799B0AB0016A5C0 /* Debug */ = {
			isa = XCBuildConfiguration;
			buildSettings = {
				ALWAYS_SEARCH_USER_PATHS = NO;
				CLANG_CXX_LANGUAGE_STANDARD = "gnu++0x";
				CLANG_CXX_LIBRARY = "libc++";
				CLANG_ENABLE_MODULES = YES;
				CLANG_ENABLE_OBJC_ARC = YES;
				CLANG_WARN_BOOL_CONVERSION = YES;
				CLANG_WARN_CONSTANT_CONVERSION = YES;
				CLANG_WARN_DIRECT_OBJC_ISA_USAGE = YES_ERROR;
				CLANG_WARN_EMPTY_BODY = YES;
				CLANG_WARN_ENUM_CONVERSION = YES;
				CLANG_WARN_INT_CONVERSION = YES;
				CLANG_WARN_OBJC_ROOT_CLASS = YES_ERROR;
				CLANG_WARN__DUPLICATE_METHOD_MATCH = YES;
				"CODE_SIGN_IDENTITY[sdk=iphoneos*]" = "iPhone Developer";
				COPY_PHASE_STRIP = NO;
				GCC_C_LANGUAGE_STANDARD = gnu99;
				GCC_DYNAMIC_NO_PIC = NO;
				GCC_OPTIMIZATION_LEVEL = 0;
				GCC_PREPROCESSOR_DEFINITIONS = (
					"DEBUG=1",
					"$(inherited)",
				);
				GCC_SYMBOLS_PRIVATE_EXTERN = NO;
				GCC_WARN_ABOUT_RETURN_TYPE = YES_ERROR;
				GCC_WARN_UNDECLARED_SELECTOR = YES;
				GCC_WARN_UNINITIALIZED_AUTOS = YES;
				GCC_WARN_UNUSED_FUNCTION = YES;
				GCC_WARN_UNUSED_VARIABLE = YES;
				IPHONEOS_DEPLOYMENT_TARGET = 7.0;
				ONLY_ACTIVE_ARCH = YES;
				SDKROOT = iphoneos;
			};
			name = Debug;
		};
		194842EF1799B0AB0016A5C0 /* Release */ = {
			isa = XCBuildConfiguration;
			buildSettings = {
				ALWAYS_SEARCH_USER_PATHS = NO;
				CLANG_CXX_LANGUAGE_STANDARD = "gnu++0x";
				CLANG_CXX_LIBRARY = "libc++";
				CLANG_ENABLE_MODULES = YES;
				CLANG_ENABLE_OBJC_ARC = YES;
				CLANG_WARN_BOOL_CONVERSION = YES;
				CLANG_WARN_CONSTANT_CONVERSION = YES;
				CLANG_WARN_DIRECT_OBJC_ISA_USAGE = YES_ERROR;
				CLANG_WARN_EMPTY_BODY = YES;
				CLANG_WARN_ENUM_CONVERSION = YES;
				CLANG_WARN_INT_CONVERSION = YES;
				CLANG_WARN_OBJC_ROOT_CLASS = YES_ERROR;
				CLANG_WARN__DUPLICATE_METHOD_MATCH = YES;
				"CODE_SIGN_IDENTITY[sdk=iphoneos*]" = "iPhone Developer";
				COPY_PHASE_STRIP = YES;
				ENABLE_NS_ASSERTIONS = NO;
				GCC_C_LANGUAGE_STANDARD = gnu99;
				GCC_WARN_ABOUT_RETURN_TYPE = YES_ERROR;
				GCC_WARN_UNDECLARED_SELECTOR = YES;
				GCC_WARN_UNINITIALIZED_AUTOS = YES;
				GCC_WARN_UNUSED_FUNCTION = YES;
				GCC_WARN_UNUSED_VARIABLE = YES;
				IPHONEOS_DEPLOYMENT_TARGET = 7.0;
				SDKROOT = iphoneos;
				VALIDATE_PRODUCT = YES;
			};
			name = Release;
		};
		194842F11799B0AB0016A5C0 /* Debug */ = {
			isa = XCBuildConfiguration;
			baseConfigurationReference = AEEF260E04B34BA2A6F68072 /* Pods.xcconfig */;
			buildSettings = {
				ASSETCATALOG_COMPILER_APPICON_NAME = AppIcon;
				ASSETCATALOG_COMPILER_LAUNCHIMAGE_NAME = LaunchImage;
				CODE_SIGN_IDENTITY = "iPhone Developer";
				"CODE_SIGN_IDENTITY[sdk=iphoneos*]" = "iPhone Developer";
				GCC_PRECOMPILE_PREFIX_HEADER = YES;
				GCC_PREFIX_HEADER = "Centris/Centris-Prefix.pch";
				INFOPLIST_FILE = "Centris/Centris-Info.plist";
				IPHONEOS_DEPLOYMENT_TARGET = 7.0;
				LIBRARY_SEARCH_PATHS = (
					"$(inherited)",
					Centris/TestFlightSDK2,
				);
				PRODUCT_NAME = "$(TARGET_NAME)";
				PROVISIONING_PROFILE = "";
				WRAPPER_EXTENSION = app;
			};
			name = Debug;
		};
		194842F21799B0AB0016A5C0 /* Release */ = {
			isa = XCBuildConfiguration;
			baseConfigurationReference = AEEF260E04B34BA2A6F68072 /* Pods.xcconfig */;
			buildSettings = {
				ASSETCATALOG_COMPILER_APPICON_NAME = AppIcon;
				ASSETCATALOG_COMPILER_LAUNCHIMAGE_NAME = LaunchImage;
				CODE_SIGN_IDENTITY = "iPhone Developer";
				"CODE_SIGN_IDENTITY[sdk=iphoneos*]" = "iPhone Developer";
				GCC_PRECOMPILE_PREFIX_HEADER = YES;
				GCC_PREFIX_HEADER = "Centris/Centris-Prefix.pch";
				INFOPLIST_FILE = "Centris/Centris-Info.plist";
				IPHONEOS_DEPLOYMENT_TARGET = 7.0;
				LIBRARY_SEARCH_PATHS = (
					"$(inherited)",
					Centris/TestFlightSDK2,
				);
				PRODUCT_NAME = "$(TARGET_NAME)";
				PROVISIONING_PROFILE = "";
				WRAPPER_EXTENSION = app;
			};
			name = Release;
		};
/* End XCBuildConfiguration section */

/* Begin XCConfigurationList section */
		18777D7B1843B58B00DAB715 /* Build configuration list for PBXNativeTarget "CentrisTests" */ = {
			isa = XCConfigurationList;
			buildConfigurations = (
				18777D791843B58B00DAB715 /* Debug */,
				18777D7A1843B58B00DAB715 /* Release */,
			);
			defaultConfigurationIsVisible = 0;
			defaultConfigurationName = Release;
		};
		194842B91799B0AB0016A5C0 /* Build configuration list for PBXProject "Centris" */ = {
			isa = XCConfigurationList;
			buildConfigurations = (
				194842EE1799B0AB0016A5C0 /* Debug */,
				194842EF1799B0AB0016A5C0 /* Release */,
			);
			defaultConfigurationIsVisible = 0;
			defaultConfigurationName = Release;
		};
		194842F01799B0AB0016A5C0 /* Build configuration list for PBXNativeTarget "Centris" */ = {
			isa = XCConfigurationList;
			buildConfigurations = (
				194842F11799B0AB0016A5C0 /* Debug */,
				194842F21799B0AB0016A5C0 /* Release */,
			);
			defaultConfigurationIsVisible = 0;
			defaultConfigurationName = Release;
		};
/* End XCConfigurationList section */

/* Begin XCVersionGroup section */
		192F978B17D746C1007E2694 /* CoreData.xcdatamodeld */ = {
			isa = XCVersionGroup;
			children = (
				192F978C17D746C1007E2694 /* CoreData.xcdatamodel */,
			);
			currentVersion = 192F978C17D746C1007E2694 /* CoreData.xcdatamodel */;
			name = CoreData.xcdatamodeld;
			path = ../CoreData.xcdatamodeld;
			sourceTree = "<group>";
			versionGroupType = wrapper.xcdatamodel;
		};
/* End XCVersionGroup section */
	};
	rootObject = 194842B61799B0AB0016A5C0 /* Project object */;
}
